// !$*UTF8*$!
{
	archiveVersion = 1;
	classes = {
	};
	objectVersion = 46;
	objects = {

/* Begin PBXBuildFile section */
		8DA6053519849F4800BE11BB /* Foundation.framework in Frameworks */ = {isa = PBXBuildFile; fileRef = 8DA6053419849F4800BE11BB /* Foundation.framework */; };
		8DA6053719849F4800BE11BB /* CoreGraphics.framework in Frameworks */ = {isa = PBXBuildFile; fileRef = 8DA6053619849F4800BE11BB /* CoreGraphics.framework */; };
		8DA6053919849F4800BE11BB /* UIKit.framework in Frameworks */ = {isa = PBXBuildFile; fileRef = 8DA6053819849F4800BE11BB /* UIKit.framework */; };
		8DA6053F19849F4800BE11BB /* InfoPlist.strings in Resources */ = {isa = PBXBuildFile; fileRef = 8DA6053D19849F4800BE11BB /* InfoPlist.strings */; };
		8DA6054119849F4800BE11BB /* main.m in Sources */ = {isa = PBXBuildFile; fileRef = 8DA6054019849F4800BE11BB /* main.m */; };
		8DA6054519849F4800BE11BB /* AppDelegate.m in Sources */ = {isa = PBXBuildFile; fileRef = 8DA6054419849F4800BE11BB /* AppDelegate.m */; };
		8DA6054819849F4800BE11BB /* Main.storyboard in Resources */ = {isa = PBXBuildFile; fileRef = 8DA6054619849F4800BE11BB /* Main.storyboard */; };
		8DA6054B19849F4800BE11BB /* ViewController.m in Sources */ = {isa = PBXBuildFile; fileRef = 8DA6054A19849F4800BE11BB /* ViewController.m */; };
		8DA6054D19849F4800BE11BB /* Images.xcassets in Resources */ = {isa = PBXBuildFile; fileRef = 8DA6054C19849F4800BE11BB /* Images.xcassets */; };
		8DA6055419849F4800BE11BB /* XCTest.framework in Frameworks */ = {isa = PBXBuildFile; fileRef = 8DA6055319849F4800BE11BB /* XCTest.framework */; };
		8DA6055519849F4800BE11BB /* Foundation.framework in Frameworks */ = {isa = PBXBuildFile; fileRef = 8DA6053419849F4800BE11BB /* Foundation.framework */; };
		8DA6055619849F4800BE11BB /* UIKit.framework in Frameworks */ = {isa = PBXBuildFile; fileRef = 8DA6053819849F4800BE11BB /* UIKit.framework */; };
		8DA6055E19849F4800BE11BB /* InfoPlist.strings in Resources */ = {isa = PBXBuildFile; fileRef = 8DA6055C19849F4800BE11BB /* InfoPlist.strings */; };
		8DA6056019849F4800BE11BB /* YO_iOS_SDKTests.m in Sources */ = {isa = PBXBuildFile; fileRef = 8DA6055F19849F4800BE11BB /* YO_iOS_SDKTests.m */; };
		8DD49D9919A1B7BF00BAD8AF /* YO.m in Sources */ = {isa = PBXBuildFile; fileRef = 8DD49D9819A1B7BF00BAD8AF /* YO.m */; };
/* End PBXBuildFile section */

/* Begin PBXContainerItemProxy section */
		8DA6055719849F4800BE11BB /* PBXContainerItemProxy */ = {
			isa = PBXContainerItemProxy;
			containerPortal = 8DA6052919849F4800BE11BB /* Project object */;
			proxyType = 1;
			remoteGlobalIDString = 8DA6053019849F4800BE11BB;
			remoteInfo = "YO iOS SDK";
		};
/* End PBXContainerItemProxy section */

/* Begin PBXFileReference section */
		8DA6053119849F4800BE11BB /* YO iOS SDK.app */ = {isa = PBXFileReference; explicitFileType = wrapper.application; includeInIndex = 0; path = "YO iOS SDK.app"; sourceTree = BUILT_PRODUCTS_DIR; };
		8DA6053419849F4800BE11BB /* Foundation.framework */ = {isa = PBXFileReference; lastKnownFileType = wrapper.framework; name = Foundation.framework; path = System/Library/Frameworks/Foundation.framework; sourceTree = SDKROOT; };
		8DA6053619849F4800BE11BB /* CoreGraphics.framework */ = {isa = PBXFileReference; lastKnownFileType = wrapper.framework; name = CoreGraphics.framework; path = System/Library/Frameworks/CoreGraphics.framework; sourceTree = SDKROOT; };
		8DA6053819849F4800BE11BB /* UIKit.framework */ = {isa = PBXFileReference; lastKnownFileType = wrapper.framework; name = UIKit.framework; path = System/Library/Frameworks/UIKit.framework; sourceTree = SDKROOT; };
		8DA6053C19849F4800BE11BB /* YO iOS SDK-Info.plist */ = {isa = PBXFileReference; lastKnownFileType = text.plist.xml; path = "YO iOS SDK-Info.plist"; sourceTree = "<group>"; };
		8DA6053E19849F4800BE11BB /* en */ = {isa = PBXFileReference; lastKnownFileType = text.plist.strings; name = en; path = en.lproj/InfoPlist.strings; sourceTree = "<group>"; };
		8DA6054019849F4800BE11BB /* main.m */ = {isa = PBXFileReference; lastKnownFileType = sourcecode.c.objc; path = main.m; sourceTree = "<group>"; };
		8DA6054219849F4800BE11BB /* YO iOS SDK-Prefix.pch */ = {isa = PBXFileReference; lastKnownFileType = sourcecode.c.h; path = "YO iOS SDK-Prefix.pch"; sourceTree = "<group>"; };
		8DA6054319849F4800BE11BB /* AppDelegate.h */ = {isa = PBXFileReference; lastKnownFileType = sourcecode.c.h; path = AppDelegate.h; sourceTree = "<group>"; };
		8DA6054419849F4800BE11BB /* AppDelegate.m */ = {isa = PBXFileReference; lastKnownFileType = sourcecode.c.objc; path = AppDelegate.m; sourceTree = "<group>"; };
		8DA6054719849F4800BE11BB /* Base */ = {isa = PBXFileReference; lastKnownFileType = file.storyboard; name = Base; path = Base.lproj/Main.storyboard; sourceTree = "<group>"; };
		8DA6054919849F4800BE11BB /* ViewController.h */ = {isa = PBXFileReference; lastKnownFileType = sourcecode.c.h; path = ViewController.h; sourceTree = "<group>"; };
		8DA6054A19849F4800BE11BB /* ViewController.m */ = {isa = PBXFileReference; lastKnownFileType = sourcecode.c.objc; path = ViewController.m; sourceTree = "<group>"; };
		8DA6054C19849F4800BE11BB /* Images.xcassets */ = {isa = PBXFileReference; lastKnownFileType = folder.assetcatalog; path = Images.xcassets; sourceTree = "<group>"; };
		8DA6055219849F4800BE11BB /* YO iOS SDKTests.xctest */ = {isa = PBXFileReference; explicitFileType = wrapper.cfbundle; includeInIndex = 0; path = "YO iOS SDKTests.xctest"; sourceTree = BUILT_PRODUCTS_DIR; };
		8DA6055319849F4800BE11BB /* XCTest.framework */ = {isa = PBXFileReference; lastKnownFileType = wrapper.framework; name = XCTest.framework; path = Library/Frameworks/XCTest.framework; sourceTree = DEVELOPER_DIR; };
		8DA6055B19849F4800BE11BB /* YO iOS SDKTests-Info.plist */ = {isa = PBXFileReference; lastKnownFileType = text.plist.xml; path = "YO iOS SDKTests-Info.plist"; sourceTree = "<group>"; };
		8DA6055D19849F4800BE11BB /* en */ = {isa = PBXFileReference; lastKnownFileType = text.plist.strings; name = en; path = en.lproj/InfoPlist.strings; sourceTree = "<group>"; };
		8DA6055F19849F4800BE11BB /* YO_iOS_SDKTests.m */ = {isa = PBXFileReference; lastKnownFileType = sourcecode.c.objc; path = YO_iOS_SDKTests.m; sourceTree = "<group>"; };
		8DD49D9719A1B7BF00BAD8AF /* YO.h */ = {isa = PBXFileReference; fileEncoding = 4; lastKnownFileType = sourcecode.c.h; path = YO.h; sourceTree = "<group>"; };
		8DD49D9819A1B7BF00BAD8AF /* YO.m */ = {isa = PBXFileReference; fileEncoding = 4; lastKnownFileType = sourcecode.c.objc; path = YO.m; sourceTree = "<group>"; };
/* End PBXFileReference section */

/* Begin PBXFrameworksBuildPhase section */
		8DA6052E19849F4800BE11BB /* Frameworks */ = {
			isa = PBXFrameworksBuildPhase;
			buildActionMask = 2147483647;
			files = (
				8DA6053719849F4800BE11BB /* CoreGraphics.framework in Frameworks */,
				8DA6053919849F4800BE11BB /* UIKit.framework in Frameworks */,
				8DA6053519849F4800BE11BB /* Foundation.framework in Frameworks */,
			);
			runOnlyForDeploymentPostprocessing = 0;
		};
		8DA6054F19849F4800BE11BB /* Frameworks */ = {
			isa = PBXFrameworksBuildPhase;
			buildActionMask = 2147483647;
			files = (
				8DA6055419849F4800BE11BB /* XCTest.framework in Frameworks */,
				8DA6055619849F4800BE11BB /* UIKit.framework in Frameworks */,
				8DA6055519849F4800BE11BB /* Foundation.framework in Frameworks */,
			);
			runOnlyForDeploymentPostprocessing = 0;
		};
/* End PBXFrameworksBuildPhase section */

/* Begin PBXGroup section */
		8DA6052819849F4800BE11BB = {
			isa = PBXGroup;
			children = (
				8DA6053A19849F4800BE11BB /* YO iOS SDK */,
				8DA6055919849F4800BE11BB /* YO iOS SDKTests */,
				8DA6053319849F4800BE11BB /* Frameworks */,
				8DA6053219849F4800BE11BB /* Products */,
			);
			sourceTree = "<group>";
		};
		8DA6053219849F4800BE11BB /* Products */ = {
			isa = PBXGroup;
			children = (
				8DA6053119849F4800BE11BB /* YO iOS SDK.app */,
				8DA6055219849F4800BE11BB /* YO iOS SDKTests.xctest */,
			);
			name = Products;
			sourceTree = "<group>";
		};
		8DA6053319849F4800BE11BB /* Frameworks */ = {
			isa = PBXGroup;
			children = (
				8DA6053419849F4800BE11BB /* Foundation.framework */,
				8DA6053619849F4800BE11BB /* CoreGraphics.framework */,
				8DA6053819849F4800BE11BB /* UIKit.framework */,
				8DA6055319849F4800BE11BB /* XCTest.framework */,
			);
			name = Frameworks;
			sourceTree = "<group>";
		};
		8DA6053A19849F4800BE11BB /* YO iOS SDK */ = {
			isa = PBXGroup;
			children = (
				8DD49D9619A1B7BF00BAD8AF /* YO */,
				8DA6054319849F4800BE11BB /* AppDelegate.h */,
				8DA6054419849F4800BE11BB /* AppDelegate.m */,
				8DA6054619849F4800BE11BB /* Main.storyboard */,
				8DA6054919849F4800BE11BB /* ViewController.h */,
				8DA6054A19849F4800BE11BB /* ViewController.m */,
				8DA6054C19849F4800BE11BB /* Images.xcassets */,
				8DA6053B19849F4800BE11BB /* Supporting Files */,
			);
			path = "YO iOS SDK";
			sourceTree = "<group>";
		};
		8DA6053B19849F4800BE11BB /* Supporting Files */ = {
			isa = PBXGroup;
			children = (
				8DA6053C19849F4800BE11BB /* YO iOS SDK-Info.plist */,
				8DA6053D19849F4800BE11BB /* InfoPlist.strings */,
				8DA6054019849F4800BE11BB /* main.m */,
				8DA6054219849F4800BE11BB /* YO iOS SDK-Prefix.pch */,
			);
			name = "Supporting Files";
			sourceTree = "<group>";
		};
		8DA6055919849F4800BE11BB /* YO iOS SDKTests */ = {
			isa = PBXGroup;
			children = (
				8DA6055F19849F4800BE11BB /* YO_iOS_SDKTests.m */,
				8DA6055A19849F4800BE11BB /* Supporting Files */,
			);
			path = "YO iOS SDKTests";
			sourceTree = "<group>";
		};
		8DA6055A19849F4800BE11BB /* Supporting Files */ = {
			isa = PBXGroup;
			children = (
				8DA6055B19849F4800BE11BB /* YO iOS SDKTests-Info.plist */,
				8DA6055C19849F4800BE11BB /* InfoPlist.strings */,
			);
			name = "Supporting Files";
			sourceTree = "<group>";
		};
		8DD49D9619A1B7BF00BAD8AF /* YO */ = {
			isa = PBXGroup;
			children = (
				8DD49D9719A1B7BF00BAD8AF /* YO.h */,
				8DD49D9819A1B7BF00BAD8AF /* YO.m */,
			);
			path = YO;
			sourceTree = SOURCE_ROOT;
		};
/* End PBXGroup section */

/* Begin PBXNativeTarget section */
		8DA6053019849F4800BE11BB /* YO iOS SDK */ = {
			isa = PBXNativeTarget;
			buildConfigurationList = 8DA6056319849F4800BE11BB /* Build configuration list for PBXNativeTarget "YO iOS SDK" */;
			buildPhases = (
				8DA6052D19849F4800BE11BB /* Sources */,
				8DA6052E19849F4800BE11BB /* Frameworks */,
				8DA6052F19849F4800BE11BB /* Resources */,
			);
			buildRules = (
			);
			dependencies = (
			);
			name = "YO iOS SDK";
			productName = "YO iOS SDK";
			productReference = 8DA6053119849F4800BE11BB /* YO iOS SDK.app */;
			productType = "com.apple.product-type.application";
		};
		8DA6055119849F4800BE11BB /* YO iOS SDKTests */ = {
			isa = PBXNativeTarget;
			buildConfigurationList = 8DA6056619849F4800BE11BB /* Build configuration list for PBXNativeTarget "YO iOS SDKTests" */;
			buildPhases = (
				8DA6054E19849F4800BE11BB /* Sources */,
				8DA6054F19849F4800BE11BB /* Frameworks */,
				8DA6055019849F4800BE11BB /* Resources */,
			);
			buildRules = (
			);
			dependencies = (
				8DA6055819849F4800BE11BB /* PBXTargetDependency */,
			);
			name = "YO iOS SDKTests";
			productName = "YO iOS SDKTests";
			productReference = 8DA6055219849F4800BE11BB /* YO iOS SDKTests.xctest */;
			productType = "com.apple.product-type.bundle.unit-test";
		};
/* End PBXNativeTarget section */

/* Begin PBXProject section */
		8DA6052919849F4800BE11BB /* Project object */ = {
			isa = PBXProject;
			attributes = {
				LastUpgradeCheck = 0510;
				ORGANIZATIONNAME = yiqin;
				TargetAttributes = {
					8DA6055119849F4800BE11BB = {
						TestTargetID = 8DA6053019849F4800BE11BB;
					};
				};
			};
			buildConfigurationList = 8DA6052C19849F4800BE11BB /* Build configuration list for PBXProject "YO iOS SDK" */;
			compatibilityVersion = "Xcode 3.2";
			developmentRegion = English;
			hasScannedForEncodings = 0;
			knownRegions = (
				en,
				Base,
			);
			mainGroup = 8DA6052819849F4800BE11BB;
			productRefGroup = 8DA6053219849F4800BE11BB /* Products */;
			projectDirPath = "";
			projectRoot = "";
			targets = (
				8DA6053019849F4800BE11BB /* YO iOS SDK */,
				8DA6055119849F4800BE11BB /* YO iOS SDKTests */,
			);
		};
/* End PBXProject section */

/* Begin PBXResourcesBuildPhase section */
		8DA6052F19849F4800BE11BB /* Resources */ = {
			isa = PBXResourcesBuildPhase;
			buildActionMask = 2147483647;
			files = (
				8DA6054D19849F4800BE11BB /* Images.xcassets in Resources */,
				8DA6053F19849F4800BE11BB /* InfoPlist.strings in Resources */,
				8DA6054819849F4800BE11BB /* Main.storyboard in Resources */,
			);
			runOnlyForDeploymentPostprocessing = 0;
		};
		8DA6055019849F4800BE11BB /* Resources */ = {
			isa = PBXResourcesBuildPhase;
			buildActionMask = 2147483647;
			files = (
				8DA6055E19849F4800BE11BB /* InfoPlist.strings in Resources */,
			);
			runOnlyForDeploymentPostprocessing = 0;
		};
/* End PBXResourcesBuildPhase section */

/* Begin PBXSourcesBuildPhase section */
		8DA6052D19849F4800BE11BB /* Sources */ = {
			isa = PBXSourcesBuildPhase;
			buildActionMask = 2147483647;
			files = (
				8DA6054B19849F4800BE11BB /* ViewController.m in Sources */,
				8DA6054519849F4800BE11BB /* AppDelegate.m in Sources */,
				8DA6054119849F4800BE11BB /* main.m in Sources */,
				8DD49D9919A1B7BF00BAD8AF /* YO.m in Sources */,
			);
			runOnlyForDeploymentPostprocessing = 0;
		};
		8DA6054E19849F4800BE11BB /* Sources */ = {
			isa = PBXSourcesBuildPhase;
			buildActionMask = 2147483647;
			files = (
				8DA6056019849F4800BE11BB /* YO_iOS_SDKTests.m in Sources */,
			);
			runOnlyForDeploymentPostprocessing = 0;
		};
/* End PBXSourcesBuildPhase section */

/* Begin PBXTargetDependency section */
		8DA6055819849F4800BE11BB /* PBXTargetDependency */ = {
			isa = PBXTargetDependency;
			target = 8DA6053019849F4800BE11BB /* YO iOS SDK */;
			targetProxy = 8DA6055719849F4800BE11BB /* PBXContainerItemProxy */;
		};
/* End PBXTargetDependency section */

/* Begin PBXVariantGroup section */
		8DA6053D19849F4800BE11BB /* InfoPlist.strings */ = {
			isa = PBXVariantGroup;
			children = (
				8DA6053E19849F4800BE11BB /* en */,
			);
			name = InfoPlist.strings;
			sourceTree = "<group>";
		};
		8DA6054619849F4800BE11BB /* Main.storyboard */ = {
			isa = PBXVariantGroup;
			children = (
				8DA6054719849F4800BE11BB /* Base */,
			);
			name = Main.storyboard;
			sourceTree = "<group>";
		};
		8DA6055C19849F4800BE11BB /* InfoPlist.strings */ = {
			isa = PBXVariantGroup;
			children = (
				8DA6055D19849F4800BE11BB /* en */,
			);
			name = InfoPlist.strings;
			sourceTree = "<group>";
		};
/* End PBXVariantGroup section */

/* Begin XCBuildConfiguration section */
		8DA6056119849F4800BE11BB /* Debug */ = {
			isa = XCBuildConfiguration;
			buildSettings = {
				ALWAYS_SEARCH_USER_PATHS = NO;
				CLANG_CXX_LANGUAGE_STANDARD = "gnu++0x";
				CLANG_CXX_LIBRARY = "libc++";
				CLANG_ENABLE_MODULES = YES;
				CLANG_ENABLE_OBJC_ARC = YES;
				CLANG_WARN_BOOL_CONVERSION = YES;
				CLANG_WARN_CONSTANT_CONVERSION = YES;
				CLANG_WARN_DIRECT_OBJC_ISA_USAGE = YES_ERROR;
				CLANG_WARN_EMPTY_BODY = YES;
				CLANG_WARN_ENUM_CONVERSION = YES;
				CLANG_WARN_INT_CONVERSION = YES;
				CLANG_WARN_OBJC_ROOT_CLASS = YES_ERROR;
				CLANG_WARN__DUPLICATE_METHOD_MATCH = YES;
				"CODE_SIGN_IDENTITY[sdk=iphoneos*]" = "iPhone Developer";
				COPY_PHASE_STRIP = NO;
				GCC_C_LANGUAGE_STANDARD = gnu99;
				GCC_DYNAMIC_NO_PIC = NO;
				GCC_OPTIMIZATION_LEVEL = 0;
				GCC_PREPROCESSOR_DEFINITIONS = (
					"DEBUG=1",
					"$(inherited)",
				);
				GCC_SYMBOLS_PRIVATE_EXTERN = NO;
				GCC_WARN_64_TO_32_BIT_CONVERSION = YES;
				GCC_WARN_ABOUT_RETURN_TYPE = YES_ERROR;
				GCC_WARN_UNDECLARED_SELECTOR = YES;
				GCC_WARN_UNINITIALIZED_AUTOS = YES_AGGRESSIVE;
				GCC_WARN_UNUSED_FUNCTION = YES;
				GCC_WARN_UNUSED_VARIABLE = YES;
				IPHONEOS_DEPLOYMENT_TARGET = 7.1;
				ONLY_ACTIVE_ARCH = YES;
				SDKROOT = iphoneos;
			};
			name = Debug;
		};
		8DA6056219849F4800BE11BB /* Release */ = {
			isa = XCBuildConfiguration;
			buildSettings = {
				ALWAYS_SEARCH_USER_PATHS = NO;
				CLANG_CXX_LANGUAGE_STANDARD = "gnu++0x";
				CLANG_CXX_LIBRARY = "libc++";
				CLANG_ENABLE_MODULES = YES;
				CLANG_ENABLE_OBJC_ARC = YES;
				CLANG_WARN_BOOL_CONVERSION = YES;
				CLANG_WARN_CONSTANT_CONVERSION = YES;
				CLANG_WARN_DIRECT_OBJC_ISA_USAGE = YES_ERROR;
				CLANG_WARN_EMPTY_BODY = YES;
				CLANG_WARN_ENUM_CONVERSION = YES;
				CLANG_WARN_INT_CONVERSION = YES;
				CLANG_WARN_OBJC_ROOT_CLASS = YES_ERROR;
				CLANG_WARN__DUPLICATE_METHOD_MATCH = YES;
				"CODE_SIGN_IDENTITY[sdk=iphoneos*]" = "iPhone Developer";
				COPY_PHASE_STRIP = YES;
				ENABLE_NS_ASSERTIONS = NO;
				GCC_C_LANGUAGE_STANDARD = gnu99;
				GCC_WARN_64_TO_32_BIT_CONVERSION = YES;
				GCC_WARN_ABOUT_RETURN_TYPE = YES_ERROR;
				GCC_WARN_UNDECLARED_SELECTOR = YES;
				GCC_WARN_UNINITIALIZED_AUTOS = YES_AGGRESSIVE;
				GCC_WARN_UNUSED_FUNCTION = YES;
				GCC_WARN_UNUSED_VARIABLE = YES;
				IPHONEOS_DEPLOYMENT_TARGET = 7.1;
				SDKROOT = iphoneos;
				VALIDATE_PRODUCT = YES;
			};
			name = Release;
		};
		8DA6056419849F4800BE11BB /* Debug */ = {
			isa = XCBuildConfiguration;
			buildSettings = {
				ASSETCATALOG_COMPILER_APPICON_NAME = AppIcon;
				ASSETCATALOG_COMPILER_LAUNCHIMAGE_NAME = LaunchImage;
				GCC_PRECOMPILE_PREFIX_HEADER = YES;
				GCC_PREFIX_HEADER = "YO iOS SDK/YO iOS SDK-Prefix.pch";
				INFOPLIST_FILE = "YO iOS SDK/YO iOS SDK-Info.plist";
				PRODUCT_NAME = "$(TARGET_NAME)";
				WRAPPER_EXTENSION = app;
			};
			name = Debug;
		};
		8DA6056519849F4800BE11BB /* Release */ = {
			isa = XCBuildConfiguration;
			buildSettings = {
				ASSETCATALOG_COMPILER_APPICON_NAME = AppIcon;
				ASSETCATALOG_COMPILER_LAUNCHIMAGE_NAME = LaunchImage;
				GCC_PRECOMPILE_PREFIX_HEADER = YES;
				GCC_PREFIX_HEADER = "YO iOS SDK/YO iOS SDK-Prefix.pch";
				INFOPLIST_FILE = "YO iOS SDK/YO iOS SDK-Info.plist";
				PRODUCT_NAME = "$(TARGET_NAME)";
				WRAPPER_EXTENSION = app;
			};
			name = Release;
		};
		8DA6056719849F4800BE11BB /* Debug */ = {
			isa = XCBuildConfiguration;
			buildSettings = {
				BUNDLE_LOADER = "$(BUILT_PRODUCTS_DIR)/YO iOS SDK.app/YO iOS SDK";
				FRAMEWORK_SEARCH_PATHS = (
					"$(SDKROOT)/Developer/Library/Frameworks",
					"$(inherited)",
					"$(DEVELOPER_FRAMEWORKS_DIR)",
				);
				GCC_PRECOMPILE_PREFIX_HEADER = YES;
				GCC_PREFIX_HEADER = "YO iOS SDK/YO iOS SDK-Prefix.pch";
				GCC_PREPROCESSOR_DEFINITIONS = (
					"DEBUG=1",
					"$(inherited)",
				);
				INFOPLIST_FILE = "YO iOS SDKTests/YO iOS SDKTests-Info.plist";
				PRODUCT_NAME = "$(TARGET_NAME)";
				TEST_HOST = "$(BUNDLE_LOADER)";
				WRAPPER_EXTENSION = xctest;
			};
			name = Debug;
		};
		8DA6056819849F4800BE11BB /* Release */ = {
			isa = XCBuildConfiguration;
			buildSettings = {
				BUNDLE_LOADER = "$(BUILT_PRODUCTS_DIR)/YO iOS SDK.app/YO iOS SDK";
				FRAMEWORK_SEARCH_PATHS = (
					"$(SDKROOT)/Developer/Library/Frameworks",
					"$(inherited)",
					"$(DEVELOPER_FRAMEWORKS_DIR)",
				);
				GCC_PRECOMPILE_PREFIX_HEADER = YES;
				GCC_PREFIX_HEADER = "YO iOS SDK/YO iOS SDK-Prefix.pch";
				INFOPLIST_FILE = "YO iOS SDKTests/YO iOS SDKTests-Info.plist";
				PRODUCT_NAME = "$(TARGET_NAME)";
				TEST_HOST = "$(BUNDLE_LOADER)";
				WRAPPER_EXTENSION = xctest;
			};
			name = Release;
		};
/* End XCBuildConfiguration section */

/* Begin XCConfigurationList section */
		8DA6052C19849F4800BE11BB /* Build configuration list for PBXProject "YO iOS SDK" */ = {
			isa = XCConfigurationList;
			buildConfigurations = (
				8DA6056119849F4800BE11BB /* Debug */,
				8DA6056219849F4800BE11BB /* Release */,
			);
			defaultConfigurationIsVisible = 0;
			defaultConfigurationName = Release;
		};
		8DA6056319849F4800BE11BB /* Build configuration list for PBXNativeTarget "YO iOS SDK" */ = {
			isa = XCConfigurationList;
			buildConfigurations = (
				8DA6056419849F4800BE11BB /* Debug */,
				8DA6056519849F4800BE11BB /* Release */,
			);
			defaultConfigurationIsVisible = 0;
			defaultConfigurationName = Release;
		};
		8DA6056619849F4800BE11BB /* Build configuration list for PBXNativeTarget "YO iOS SDKTests" */ = {
			isa = XCConfigurationList;
			buildConfigurations = (
				8DA6056719849F4800BE11BB /* Debug */,
				8DA6056819849F4800BE11BB /* Release */,
			);
			defaultConfigurationIsVisible = 0;
			defaultConfigurationName = Release;
		};
/* End XCConfigurationList section */
	};
	rootObject = 8DA6052919849F4800BE11BB /* Project object */;
}
